
Microsoft Visual Studio Solution File, Format Version 12.00
# Visual Studio Version 16
VisualStudioVersion = 16.0.34407.143
MinimumVisualStudioVersion = 10.0.40219.1
Project("{FAE04EC0-301F-11D3-BF4B-00C04F79EFBC}") = "Web", "Web\Web.csproj", "{45A39EA6-8E32-4514-905D-5BBB9D25B308}"
EndProject
Project("{FAE04EC0-301F-11D3-BF4B-00C04F79EFBC}") = "library", "library\library.csproj", "{577DA5E8-EF25-4D7A-B0A4-30C6EAF6913C}"
EndProject
Global
	GlobalSection(SolutionConfigurationPlatforms) = preSolution
		Debug|Any CPU = Debug|Any CPU
		Release|Any CPU = Release|Any CPU
	EndGlobalSection
	GlobalSection(ProjectConfigurationPlatforms) = postSolution
		{45A39EA6-8E32-4514-905D-5BBB9D25B308}.Debug|Any CPU.ActiveCfg = Debug|Any CPU
		{45A39EA6-8E32-4514-905D-5BBB9D25B308}.Debug|Any CPU.Build.0 = Debug|Any CPU
		{45A39EA6-8E32-4514-905D-5BBB9D25B308}.Release|Any CPU.ActiveCfg = Release|Any CPU
		{45A39EA6-8E32-4514-905D-5BBB9D25B308}.Release|Any CPU.Build.0 = Release|Any CPU
		{577DA5E8-EF25-4D7A-B0A4-30C6EAF6913C}.Debug|Any CPU.ActiveCfg = Debug|Any CPU
		{577DA5E8-EF25-4D7A-B0A4-30C6EAF6913C}.Debug|Any CPU.Build.0 = Debug|Any CPU
		{577DA5E8-EF25-4D7A-B0A4-30C6EAF6913C}.Release|Any CPU.ActiveCfg = Release|Any CPU
		{577DA5E8-EF25-4D7A-B0A4-30C6EAF6913C}.Release|Any CPU.Build.0 = Release|Any CPU
	EndGlobalSection
	GlobalSection(SolutionProperties) = preSolution
		HideSolutionNode = FALSE
	EndGlobalSection
	GlobalSection(ExtensibilityGlobals) = postSolution
		SolutionGuid = {ECC4FB27-B598-49B5-A312-9B1A2D0E6243}
	EndGlobalSection
EndGlobal
